
Microsoft Visual Studio Solution File, Format Version 12.00
# Visual Studio Version 16
VisualStudioVersion = 16.0.30907.101
MinimumVisualStudioVersion = 10.0.40219.1
Project("{FAE04EC0-301F-11D3-BF4B-00C04F79EFBC}") = "Ticketautomat_ITU3", "Ticketautomat_ITU3\Ticketautomat_ITU3.csproj", "{078B3E1B-B493-4794-9375-D69F62A8B7D9}"
EndProject
Global
	GlobalSection(SolutionConfigurationPlatforms) = preSolution
		Debug|Any CPU = Debug|Any CPU
		Release|Any CPU = Release|Any CPU
	EndGlobalSection
	GlobalSection(ProjectConfigurationPlatforms) = postSolution
		{078B3E1B-B493-4794-9375-D69F62A8B7D9}.Debug|Any CPU.ActiveCfg = Debug|Any CPU
		{078B3E1B-B493-4794-9375-D69F62A8B7D9}.Debug|Any CPU.Build.0 = Debug|Any CPU
		{078B3E1B-B493-4794-9375-D69F62A8B7D9}.Release|Any CPU.ActiveCfg = Release|Any CPU
		{078B3E1B-B493-4794-9375-D69F62A8B7D9}.Release|Any CPU.Build.0 = Release|Any CPU
	EndGlobalSection
	GlobalSection(SolutionProperties) = preSolution
		HideSolutionNode = FALSE
	EndGlobalSection
	GlobalSection(ExtensibilityGlobals) = postSolution
		SolutionGuid = {C9172E11-1E22-4C52-9555-C5A59DB5E11C}
	EndGlobalSection
EndGlobal
